
Microsoft Visual Studio Solution File, Format Version 12.00
# Visual Studio 15
VisualStudioVersion = 15.0.28010.2016
MinimumVisualStudioVersion = 10.0.40219.1
Project("{FAE04EC0-301F-11D3-BF4B-00C04F79EFBC}") = "AdventureWorks", "AdventureWorks\AdventureWorks.csproj", "{ACC13B6B-7FDB-4F86-95C9-ECA97DF0A9AF}"
EndProject
Global
	GlobalSection(SolutionConfigurationPlatforms) = preSolution
		Debug|Any CPU = Debug|Any CPU
		Release|Any CPU = Release|Any CPU
	EndGlobalSection
	GlobalSection(ProjectConfigurationPlatforms) = postSolution
		{ACC13B6B-7FDB-4F86-95C9-ECA97DF0A9AF}.Debug|Any CPU.ActiveCfg = Debug|Any CPU
		{ACC13B6B-7FDB-4F86-95C9-ECA97DF0A9AF}.Debug|Any CPU.Build.0 = Debug|Any CPU
		{ACC13B6B-7FDB-4F86-95C9-ECA97DF0A9AF}.Release|Any CPU.ActiveCfg = Release|Any CPU
		{ACC13B6B-7FDB-4F86-95C9-ECA97DF0A9AF}.Release|Any CPU.Build.0 = Release|Any CPU
	EndGlobalSection
	GlobalSection(SolutionProperties) = preSolution
		HideSolutionNode = FALSE
	EndGlobalSection
	GlobalSection(ExtensibilityGlobals) = postSolution
		SolutionGuid = {7A69CCEE-9675-4631-8BFD-AA3A2BAF4464}
	EndGlobalSection
EndGlobal
